
Microsoft Visual Studio Solution File, Format Version 12.00
# Visual Studio Version 16
VisualStudioVersion = 16.0.30503.244
MinimumVisualStudioVersion = 10.0.40219.1
Project("{9A19103F-16F7-4668-BE54-9A1E7A4F7556}") = "DogAdoptionHelper", "DogAdoptionHelper\DogAdoptionHelper.csproj", "{03EC89DE-53E4-4641-B271-218719C05F1E}"
EndProject
Global
	GlobalSection(SolutionConfigurationPlatforms) = preSolution
		Debug|Any CPU = Debug|Any CPU
		Release|Any CPU = Release|Any CPU
	EndGlobalSection
	GlobalSection(ProjectConfigurationPlatforms) = postSolution
		{03EC89DE-53E4-4641-B271-218719C05F1E}.Debug|Any CPU.ActiveCfg = Debug|Any CPU
		{03EC89DE-53E4-4641-B271-218719C05F1E}.Debug|Any CPU.Build.0 = Debug|Any CPU
		{03EC89DE-53E4-4641-B271-218719C05F1E}.Release|Any CPU.ActiveCfg = Release|Any CPU
		{03EC89DE-53E4-4641-B271-218719C05F1E}.Release|Any CPU.Build.0 = Release|Any CPU
	EndGlobalSection
	GlobalSection(SolutionProperties) = preSolution
		HideSolutionNode = FALSE
	EndGlobalSection
	GlobalSection(ExtensibilityGlobals) = postSolution
		SolutionGuid = {F1128EDA-C2C4-4094-86A0-969CFA92396F}
	EndGlobalSection
EndGlobal
